{
    "_meta": {
        "hash": {
            "sha256": "ab32b1956f31c33fa66f73a3c400ba99544e509a1330c989bbbc41351ecebd3a"
        },
        "pipfile-spec": 6,
        "requires": {
            "python_version": "3.12"
        },
        "sources": [
            {
                "name": "pypi",
                "url": "https://pypi.org/simple",
                "verify_ssl": true
            }
        ]
    },
    "default": {},
    "develop": {}
}
